<?xml version="1.0" encoding="utf-8"?>
<Project ToolsVersion="4.0" xmlns="http://schemas.microsoft.com/developer/msbuild/2003">
  <ItemGroup>
    <Filter Include="ソース ファイル">
      <UniqueIdentifier>{4FC737F1-C7A5-4376-A066-2A32D752A2FF}</UniqueIdentifier>
      <Extensions>cpp;c;cc;cxx;c++;cppm;ixx;def;odl;idl;hpj;bat;asm;asmx</Extensions>
    </Filter>
    <Filter Include="ヘッダー ファイル">
      <UniqueIdentifier>{93995380-89BD-4b04-88EB-625FBE52EBFB}</UniqueIdentifier>
      <Extensions>h;hh;hpp;hxx;h++;hm;inl;inc;ipp;xsd</Extensions>
    </Filter>
    <Filter Include="リソース ファイル">
      <UniqueIdentifier>{67DA6AB6-F800-4c08-8B7A-83BB121AAD01}</UniqueIdentifier>
      <Extensions>rc;ico;cur;bmp;dlg;rc2;rct;bin;rgs;gif;jpg;jpeg;jpe;resx;tiff;tif;png;wav;mfcribbon-ms</Extensions>
    </Filter>
    <Filter Include="リソース ファイル\Shader">
      <UniqueIdentifier>{f3fac0b5-bb49-4023-bad8-c6196b6262ef}</UniqueIdentifier>
    </Filter>
    <Filter Include="Framework">
      <UniqueIdentifier>{6868c706-a124-413a-96e8-e462d978ed5d}</UniqueIdentifier>
    </Filter>
    <Filter Include="Framework\Assets">
      <UniqueIdentifier>{f167d838-32ce-4d60-a4df-a254b6f50a74}</UniqueIdentifier>
    </Filter>
    <Filter Include="Framework\Assets\Model">
      <UniqueIdentifier>{0ccbe0f3-248d-422d-99cb-5d55792613a3}</UniqueIdentifier>
    </Filter>
    <Filter Include="Framework\Assets\Image">
      <UniqueIdentifier>{9ee8ed95-c94c-42f3-aea8-d05305b7f0ce}</UniqueIdentifier>
    </Filter>
    <Filter Include="Framework\Math">
      <UniqueIdentifier>{8437f03c-ce74-4cdd-a6bb-61f613f8d77e}</UniqueIdentifier>
    </Filter>
    <Filter Include="Framework\Render">
      <UniqueIdentifier>{4e91c992-933f-4cae-af8e-e5e68ffecbb1}</UniqueIdentifier>
    </Filter>
    <Filter Include="Framework\Render\Core">
      <UniqueIdentifier>{99e165fc-57fe-4951-8b40-4f22115165c9}</UniqueIdentifier>
    </Filter>
    <Filter Include="Framework\Render\Resource">
      <UniqueIdentifier>{e34de6d0-7080-4cbb-97e9-52acbcd5333c}</UniqueIdentifier>
    </Filter>
    <Filter Include="Framework\Render\Pipeline">
      <UniqueIdentifier>{b62d021e-a7d1-4f1d-9ca0-8843a25ab952}</UniqueIdentifier>
    </Filter>
    <Filter Include="Framework\Runtime">
      <UniqueIdentifier>{cf5c0aab-d159-4851-a190-91cfd200739c}</UniqueIdentifier>
    </Filter>
    <Filter Include="Framework\Assets\Json">
      <UniqueIdentifier>{30bebfef-498d-479f-b8d0-b4e3d1901ecb}</UniqueIdentifier>
    </Filter>
    <Filter Include="Framework\Assets\AssetData">
      <UniqueIdentifier>{24661425-f03d-4e6f-9408-e9a7d380a5aa}</UniqueIdentifier>
    </Filter>
    <Filter Include="ImGui">
      <UniqueIdentifier>{4c4804a7-1063-40e9-a774-250d03671cc2}</UniqueIdentifier>
    </Filter>
    <Filter Include="ImGui\Backends">
      <UniqueIdentifier>{ccfcb5ea-294e-4e22-8e71-80027d0d1da5}</UniqueIdentifier>
    </Filter>
    <Filter Include="Framework\Input">
      <UniqueIdentifier>{829824dc-c096-4709-840f-e7b7ceeda055}</UniqueIdentifier>
    </Filter>
    <Filter Include="Framework\Collision">
      <UniqueIdentifier>{c473281c-fbd1-475d-8077-796ccb27226f}</UniqueIdentifier>
    </Filter>
    <Filter Include="Framework\Collision\Collider">
      <UniqueIdentifier>{2ed8e8b8-dff2-4505-8248-80e59297feec}</UniqueIdentifier>
    </Filter>
    <Filter Include="Framework\ImGui">
      <UniqueIdentifier>{f977470b-ac6c-4c64-a09a-5c5966397842}</UniqueIdentifier>
    </Filter>
    <Filter Include="ソース ファイル\Panels">
      <UniqueIdentifier>{01bad01c-c82e-4253-bac8-0304c48ef194}</UniqueIdentifier>
    </Filter>
    <Filter Include="ソース ファイル\CameraController">
      <UniqueIdentifier>{27de8f6e-5f03-4463-9701-c2ffbffc33ba}</UniqueIdentifier>
    </Filter>
  </ItemGroup>
  <ItemGroup>
    <ClCompile Include="Source\App.cpp">
      <Filter>ソース ファイル</Filter>
    </ClCompile>
    <ClCompile Include="Source\Framework\Assets\Image\ImageLoader.cpp">
      <Filter>Framework\Assets\Image</Filter>
    </ClCompile>
    <ClCompile Include="Source\Framework\Assets\Model\ModleLoader.cpp">
      <Filter>Framework\Assets\Model</Filter>
    </ClCompile>
    <ClCompile Include="Source\Framework\Assets\AssetsManager.cpp">
      <Filter>Framework\Assets</Filter>
    </ClCompile>
    <ClCompile Include="Source\Framework\Render\Core\CommandList.cpp">
      <Filter>Framework\Render\Core</Filter>
    </ClCompile>
    <ClCompile Include="Source\Framework\Render\Core\CommandQueue.cpp">
      <Filter>Framework\Render\Core</Filter>
    </ClCompile>
    <ClCompile Include="Source\Framework\Render\Core\Fence.cpp">
      <Filter>Framework\Render\Core</Filter>
    </ClCompile>
    <ClCompile Include="Source\Framework\Render\Core\SwapChain.cpp">
      <Filter>Framework\Render\Core</Filter>
    </ClCompile>
    <ClCompile Include="Source\Framework\Render\Pipeline\PipelineState.cpp">
      <Filter>Framework\Render\Pipeline</Filter>
    </ClCompile>
    <ClCompile Include="Source\Framework\Render\Pipeline\RootSignature.cpp">
      <Filter>Framework\Render\Pipeline</Filter>
    </ClCompile>
    <ClCompile Include="Source\Framework\Render\Pipeline\ShaderByteCode.cpp">
      <Filter>Framework\Render\Pipeline</Filter>
    </ClCompile>
    <ClCompile Include="Source\Framework\Render\Resource\ConstantBuffer.cpp">
      <Filter>Framework\Render\Resource</Filter>
    </ClCompile>
    <ClCompile Include="Source\Framework\Render\Resource\DepthStencilBuffer.cpp">
      <Filter>Framework\Render\Resource</Filter>
    </ClCompile>
    <ClCompile Include="Source\Framework\Render\Resource\DescriptorHeap.cpp">
      <Filter>Framework\Render\Resource</Filter>
    </ClCompile>
    <ClCompile Include="Source\Framework\Render\Resource\IndexBuffer.cpp">
      <Filter>Framework\Render\Resource</Filter>
    </ClCompile>
    <ClCompile Include="Source\Framework\Render\Resource\Texture.cpp">
      <Filter>Framework\Render\Resource</Filter>
    </ClCompile>
    <ClCompile Include="Source\Framework\Render\Resource\VertexBuffer.cpp">
      <Filter>Framework\Render\Resource</Filter>
    </ClCompile>
    <ClCompile Include="Source\Framework\Render\Graphics.cpp">
      <Filter>Framework\Render</Filter>
    </ClCompile>
    <ClCompile Include="Source\Framework\Render\RenderManager.cpp">
      <Filter>Framework\Render</Filter>
    </ClCompile>
    <ClCompile Include="Source\Framework\Runtime\Camera.cpp">
      <Filter>Framework\Runtime</Filter>
    </ClCompile>
    <ClCompile Include="Source\Framework\Runtime\Material.cpp">
      <Filter>Framework\Runtime</Filter>
    </ClCompile>
    <ClCompile Include="Source\Framework\Runtime\Mesh.cpp">
      <Filter>Framework\Runtime</Filter>
    </ClCompile>
    <ClCompile Include="Source\Framework\Runtime\Model.cpp">
      <Filter>Framework\Runtime</Filter>
    </ClCompile>
    <ClCompile Include="Source\Framework\Runtime\RenderObject.cpp">
      <Filter>Framework\Runtime</Filter>
    </ClCompile>
    <ClCompile Include="Source\Framework\Runtime\Shader.cpp">
      <Filter>Framework\Runtime</Filter>
    </ClCompile>
    <ClCompile Include="Source\Framework\Runtime\Sprite.cpp">
      <Filter>Framework\Runtime</Filter>
    </ClCompile>
    <ClCompile Include="Source\Framework\Framework.cpp">
      <Filter>Framework</Filter>
    </ClCompile>
    <ClCompile Include="Source\Framework\main.cpp">
      <Filter>Framework</Filter>
    </ClCompile>
    <ClCompile Include="Source\Framework\TimeManager.cpp">
      <Filter>Framework</Filter>
    </ClCompile>
    <ClCompile Include="Source\Framework\ImGui\ImGuiManager.cpp">
      <Filter>Framework\ImGui</Filter>
    </ClCompile>
    <ClCompile Include="External\imGui\imgui.cpp">
      <Filter>ImGui</Filter>
    </ClCompile>
    <ClCompile Include="External\imGui\imgui_demo.cpp">
      <Filter>ImGui</Filter>
    </ClCompile>
    <ClCompile Include="External\imGui\imgui_draw.cpp">
      <Filter>ImGui</Filter>
    </ClCompile>
    <ClCompile Include="External\imGui\imgui_tables.cpp">
      <Filter>ImGui</Filter>
    </ClCompile>
    <ClCompile Include="External\imGui\imgui_widgets.cpp">
      <Filter>ImGui</Filter>
    </ClCompile>
    <ClCompile Include="External\imGui\imgui_impl_dx12.cpp">
      <Filter>ImGui\Backends</Filter>
    </ClCompile>
    <ClCompile Include="External\imGui\imgui_impl_win32.cpp">
      <Filter>ImGui\Backends</Filter>
    </ClCompile>
    <ClCompile Include="Source\Framework\Input\InputManager.cpp">
      <Filter>Framework\Input</Filter>
    </ClCompile>
    <ClCompile Include="Source\Framework\Collision\CollisionManager.cpp">
      <Filter>Framework\Collision</Filter>
    </ClCompile>
    <ClCompile Include="Source\Framework\Collision\Collider\RectCollider.cpp">
      <Filter>Framework\Collision\Collider</Filter>
    </ClCompile>
    <ClCompile Include="Source\Framework\Collision\Collider\Collider.cpp">
      <Filter>Framework\Collision\Collider</Filter>
    </ClCompile>
    <ClCompile Include="Source\Panels\ImageControlPanel.cpp">
      <Filter>ソース ファイル\Panels</Filter>
    </ClCompile>
    <ClCompile Include="Source\Framework\ImGui\ImGuiPanel.cpp">
      <Filter>Framework\ImGui</Filter>
    </ClCompile>
    <ClCompile Include="Source\Panels\ModelControlPanel.cpp">
      <Filter>ソース ファイル\Panels</Filter>
    </ClCompile>
    <ClCompile Include="Source\CameraController\CameraController_3D.cpp">
      <Filter>ソース ファイル\CameraController</Filter>
    </ClCompile>
    <ClCompile Include="Source\Panels\CameraControlPanel.cpp">
      <Filter>ソース ファイル\Panels</Filter>
    </ClCompile>
    <ClCompile Include="Source\Framework\Math\Quaternion.cpp">
      <Filter>Framework\Math</Filter>
    </ClCompile>
  </ItemGroup>
  <ItemGroup>
    <ClInclude Include="Source\AppDef.h">
      <Filter>ソース ファイル</Filter>
    </ClInclude>
    <ClInclude Include="Source\App.h">
      <Filter>ソース ファイル</Filter>
    </ClInclude>
    <ClInclude Include="Source\Framework\Assets\Image\ImageData.h">
      <Filter>Framework\Assets\Image</Filter>
    </ClInclude>
    <ClInclude Include="Source\Framework\Assets\Image\ImageLoader.h">
      <Filter>Framework\Assets\Image</Filter>
    </ClInclude>
    <ClInclude Include="Source\Framework\Assets\Model\ModelData.h">
      <Filter>Framework\Assets\Model</Filter>
    </ClInclude>
    <ClInclude Include="Source\Framework\Assets\Model\ModleLoader.h">
      <Filter>Framework\Assets\Model</Filter>
    </ClInclude>
    <ClInclude Include="Source\Framework\Assets\AssetsManager.h">
      <Filter>Framework\Assets</Filter>
    </ClInclude>
    <ClInclude Include="Source\Framework\Math\Math.h">
      <Filter>Framework\Math</Filter>
    </ClInclude>
    <ClInclude Include="Source\Framework\Math\Vector.h">
      <Filter>Framework\Math</Filter>
    </ClInclude>
    <ClInclude Include="Source\Framework\Math\Vector2.h">
      <Filter>Framework\Math</Filter>
    </ClInclude>
    <ClInclude Include="Source\Framework\Math\Vector3.h">
      <Filter>Framework\Math</Filter>
    </ClInclude>
    <ClInclude Include="Source\Framework\Render\Core\CommandList.h">
      <Filter>Framework\Render\Core</Filter>
    </ClInclude>
    <ClInclude Include="Source\Framework\Render\Core\CommandQueue.h">
      <Filter>Framework\Render\Core</Filter>
    </ClInclude>
    <ClInclude Include="Source\Framework\Render\Core\Fence.h">
      <Filter>Framework\Render\Core</Filter>
    </ClInclude>
    <ClInclude Include="Source\Framework\Render\Core\SwapChain.h">
      <Filter>Framework\Render\Core</Filter>
    </ClInclude>
    <ClInclude Include="Source\Framework\Render\Pipeline\PipelineState.h">
      <Filter>Framework\Render\Pipeline</Filter>
    </ClInclude>
    <ClInclude Include="Source\Framework\Render\Pipeline\RootSignature.h">
      <Filter>Framework\Render\Pipeline</Filter>
    </ClInclude>
    <ClInclude Include="Source\Framework\Render\Pipeline\ShaderByteCode.h">
      <Filter>Framework\Render\Pipeline</Filter>
    </ClInclude>
    <ClInclude Include="Source\Framework\Render\Resource\ConstantBuffer.h">
      <Filter>Framework\Render\Resource</Filter>
    </ClInclude>
    <ClInclude Include="Source\Framework\Render\Resource\DepthStencilBuffer.h">
      <Filter>Framework\Render\Resource</Filter>
    </ClInclude>
    <ClInclude Include="Source\Framework\Render\Resource\DescriptorHeap.h">
      <Filter>Framework\Render\Resource</Filter>
    </ClInclude>
    <ClInclude Include="Source\Framework\Render\Resource\IndexBuffer.h">
      <Filter>Framework\Render\Resource</Filter>
    </ClInclude>
    <ClInclude Include="Source\Framework\Render\Resource\Texture.h">
      <Filter>Framework\Render\Resource</Filter>
    </ClInclude>
    <ClInclude Include="Source\Framework\Render\Resource\VertexBuffer.h">
      <Filter>Framework\Render\Resource</Filter>
    </ClInclude>
    <ClInclude Include="Source\Framework\Render\ComPtr.h">
      <Filter>Framework\Render</Filter>
    </ClInclude>
    <ClInclude Include="Source\Framework\Render\d3dx12.h">
      <Filter>Framework\Render</Filter>
    </ClInclude>
    <ClInclude Include="Source\Framework\Render\Graphics.h">
      <Filter>Framework\Render</Filter>
    </ClInclude>
    <ClInclude Include="Source\Framework\Render\RenderData.h">
      <Filter>Framework\Render</Filter>
    </ClInclude>
    <ClInclude Include="Source\Framework\Render\RenderManager.h">
      <Filter>Framework\Render</Filter>
    </ClInclude>
    <ClInclude Include="Source\Framework\Runtime\Camera.h">
      <Filter>Framework\Runtime</Filter>
    </ClInclude>
    <ClInclude Include="Source\Framework\Runtime\Material.h">
      <Filter>Framework\Runtime</Filter>
    </ClInclude>
    <ClInclude Include="Source\Framework\Runtime\Mesh.h">
      <Filter>Framework\Runtime</Filter>
    </ClInclude>
    <ClInclude Include="Source\Framework\Runtime\Model.h">
      <Filter>Framework\Runtime</Filter>
    </ClInclude>
    <ClInclude Include="Source\Framework\Runtime\RenderObject.h">
      <Filter>Framework\Runtime</Filter>
    </ClInclude>
    <ClInclude Include="Source\Framework\Runtime\Shader.h">
      <Filter>Framework\Runtime</Filter>
    </ClInclude>
    <ClInclude Include="Source\Framework\Runtime\Sprite.h">
      <Filter>Framework\Runtime</Filter>
    </ClInclude>
    <ClInclude Include="Source\Framework\Framework.h">
      <Filter>Framework</Filter>
    </ClInclude>
    <ClInclude Include="Source\Framework\Assets\Json\JsonLoader.h">
      <Filter>Framework\Assets\Json</Filter>
    </ClInclude>
    <ClInclude Include="Source\Framework\TimeManager.h">
      <Filter>Framework</Filter>
    </ClInclude>
    <ClInclude Include="Source\Framework\Assets\AssetData\MaterialData.h">
      <Filter>Framework\Assets\AssetData</Filter>
    </ClInclude>
    <ClInclude Include="Source\Framework\Assets\AssetData\ShaderData.h">
      <Filter>Framework\Assets\AssetData</Filter>
    </ClInclude>
    <ClInclude Include="Source\Framework\UI\FrameworkImgUI.h">
      <Filter>ヘッダー ファイル</Filter>
    </ClInclude>
    <ClInclude Include="Source\Framework\ImGui\ImGuiManager.h">
      <Filter>Framework\ImGui</Filter>
    </ClInclude>
    <ClInclude Include="External\imGui\imconfig.h">
      <Filter>ImGui</Filter>
    </ClInclude>
    <ClInclude Include="External\imGui\imgui.h">
      <Filter>ImGui</Filter>
    </ClInclude>
    <ClInclude Include="External\imGui\imgui_internal.h">
      <Filter>ImGui</Filter>
    </ClInclude>
    <ClInclude Include="External\imGui\imstb_rectpack.h">
      <Filter>ImGui</Filter>
    </ClInclude>
    <ClInclude Include="External\imGui\imstb_textedit.h">
      <Filter>ImGui</Filter>
    </ClInclude>
    <ClInclude Include="External\imGui\imstb_truetype.h">
      <Filter>ImGui</Filter>
    </ClInclude>
    <ClInclude Include="External\imGui\imgui_impl_dx12.h">
      <Filter>ImGui\Backends</Filter>
    </ClInclude>
    <ClInclude Include="External\imGui\imgui_impl_win32.h">
      <Filter>ImGui\Backends</Filter>
    </ClInclude>
    <ClInclude Include="Source\Framework\Input\InputManager.h">
      <Filter>Framework\Input</Filter>
    </ClInclude>
    <ClInclude Include="Source\Framework\Collision\CollisionManager.h">
      <Filter>Framework\Collision</Filter>
    </ClInclude>
    <ClInclude Include="Source\Framework\Collision\Collider\Collider.h">
      <Filter>Framework\Collision\Collider</Filter>
    </ClInclude>
    <ClInclude Include="Source\Framework\Collision\Collider\ColliderType.h">
      <Filter>Framework\Collision\Collider</Filter>
    </ClInclude>
    <ClInclude Include="Source\Framework\Collision\Collider\RectCollider.h">
      <Filter>Framework\Collision\Collider</Filter>
    </ClInclude>
    <ClInclude Include="Source\Framework\Collision\CollisionEvent.h">
      <Filter>Framework\Collision</Filter>
    </ClInclude>
    <ClInclude Include="Source\Framework\ImGui\ImGuiPanel.h">
      <Filter>Framework\ImGui</Filter>
    </ClInclude>
    <ClInclude Include="Source\Panels\ImageControlPanel.h">
      <Filter>ソース ファイル\Panels</Filter>
    </ClInclude>
    <ClInclude Include="Source\Panels\ModelControlPanel.h">
      <Filter>ソース ファイル\Panels</Filter>
    </ClInclude>
    <ClInclude Include="Source\Framework\Input\KeyCode.h">
      <Filter>Framework\Input</Filter>
    </ClInclude>
    <ClInclude Include="Source\Framework\Input\MouseButton.h">
      <Filter>Framework\Input</Filter>
    </ClInclude>
    <ClInclude Include="Source\Framework\Input\Gamepad.h">
      <Filter>Framework\Input</Filter>
    </ClInclude>
    <ClInclude Include="Source\CameraController\CameraController.h">
      <Filter>ソース ファイル\CameraController</Filter>
    </ClInclude>
    <ClInclude Include="Source\CameraController\CameraController_3D.h">
      <Filter>ソース ファイル\CameraController</Filter>
    </ClInclude>
    <ClInclude Include="Source\Panels\CameraControlPanel.h">
      <Filter>ソース ファイル\Panels</Filter>
    </ClInclude>
    <ClInclude Include="Source\Framework\Math\Quaternion.h">
      <Filter>Framework\Math</Filter>
    </ClInclude>
  </ItemGroup>
  <ItemGroup>
    <FxCompile Include="Assets\Shader\PixelShader.hlsl">
      <Filter>リソース ファイル\Shader</Filter>
    </FxCompile>
    <FxCompile Include="Assets\Shader\VertexShader.hlsl">
      <Filter>リソース ファイル\Shader</Filter>
    </FxCompile>
  </ItemGroup>
  <ItemGroup>
    <None Include="Assets\Shader\BasicShaderHeader.hlsli">
      <Filter>リソース ファイル\Shader</Filter>
    </None>
  </ItemGroup>
</Project>